// !$*UTF8*$!
{
	archiveVersion = 1;
	classes = {
	};
	objectVersion = 56;
	objects = {

/* Begin PBXBuildFile section */
		6E83CBA12925F9EB0043DC9C /* AppDelegate.swift in Sources */ = {isa = PBXBuildFile; fileRef = 6E83CBA02925F9EB0043DC9C /* AppDelegate.swift */; };
		6E83CBA32925F9EB0043DC9C /* SceneDelegate.swift in Sources */ = {isa = PBXBuildFile; fileRef = 6E83CBA22925F9EB0043DC9C /* SceneDelegate.swift */; };
		6E83CBAA2925F9ED0043DC9C /* Assets.xcassets in Resources */ = {isa = PBXBuildFile; fileRef = 6E83CBA92925F9ED0043DC9C /* Assets.xcassets */; };
		6E83CBAD2925F9ED0043DC9C /* LaunchScreen.storyboard in Resources */ = {isa = PBXBuildFile; fileRef = 6E83CBAB2925F9ED0043DC9C /* LaunchScreen.storyboard */; };
		6E83CBB82925F9ED0043DC9C /* Favorite_FoodsTests.swift in Sources */ = {isa = PBXBuildFile; fileRef = 6E83CBB72925F9ED0043DC9C /* Favorite_FoodsTests.swift */; };
		6E83CBC22925F9ED0043DC9C /* Favorite_FoodsUITests.swift in Sources */ = {isa = PBXBuildFile; fileRef = 6E83CBC12925F9ED0043DC9C /* Favorite_FoodsUITests.swift */; };
		6E83CBC42925F9ED0043DC9C /* Favorite_FoodsUITestsLaunchTests.swift in Sources */ = {isa = PBXBuildFile; fileRef = 6E83CBC32925F9ED0043DC9C /* Favorite_FoodsUITestsLaunchTests.swift */; };
		6E83CBD12925FAA50043DC9C /* Main.storyboard in Resources */ = {isa = PBXBuildFile; fileRef = 6E83CBD02925FAA40043DC9C /* Main.storyboard */; };
		6E83CBD22925FAA50043DC9C /* Main.storyboard in Resources */ = {isa = PBXBuildFile; fileRef = 6E83CBD02925FAA40043DC9C /* Main.storyboard */; };
		6E83CBD32925FAA50043DC9C /* Main.storyboard in Resources */ = {isa = PBXBuildFile; fileRef = 6E83CBD02925FAA40043DC9C /* Main.storyboard */; };
		6E83CBD52925FBF50043DC9C /* WelcomeViewController.swift in Sources */ = {isa = PBXBuildFile; fileRef = 6E83CBD42925FBF50043DC9C /* WelcomeViewController.swift */; };
		6E83CBD62925FBF50043DC9C /* WelcomeViewController.swift in Sources */ = {isa = PBXBuildFile; fileRef = 6E83CBD42925FBF50043DC9C /* WelcomeViewController.swift */; };
		6E83CBD72925FBF50043DC9C /* WelcomeViewController.swift in Sources */ = {isa = PBXBuildFile; fileRef = 6E83CBD42925FBF50043DC9C /* WelcomeViewController.swift */; };
		6E83CBDD2925FC0A0043DC9C /* RegisterViewController.swift in Sources */ = {isa = PBXBuildFile; fileRef = 6E83CBDC2925FC0A0043DC9C /* RegisterViewController.swift */; };
		6E83CBDE2925FC0A0043DC9C /* RegisterViewController.swift in Sources */ = {isa = PBXBuildFile; fileRef = 6E83CBDC2925FC0A0043DC9C /* RegisterViewController.swift */; };
		6E83CBDF2925FC0A0043DC9C /* RegisterViewController.swift in Sources */ = {isa = PBXBuildFile; fileRef = 6E83CBDC2925FC0A0043DC9C /* RegisterViewController.swift */; };
		6E83CBE12925FC110043DC9C /* LoginViewController.swift in Sources */ = {isa = PBXBuildFile; fileRef = 6E83CBE02925FC110043DC9C /* LoginViewController.swift */; };
		6E83CBE22925FC110043DC9C /* LoginViewController.swift in Sources */ = {isa = PBXBuildFile; fileRef = 6E83CBE02925FC110043DC9C /* LoginViewController.swift */; };
		6E83CBE32925FC110043DC9C /* LoginViewController.swift in Sources */ = {isa = PBXBuildFile; fileRef = 6E83CBE02925FC110043DC9C /* LoginViewController.swift */; };
		6E83CBE929269E6C0043DC9C /* Table.swift in Sources */ = {isa = PBXBuildFile; fileRef = 6E83CBE829269E6C0043DC9C /* Table.swift */; };
		6E83CBEA29269E6C0043DC9C /* Table.swift in Sources */ = {isa = PBXBuildFile; fileRef = 6E83CBE829269E6C0043DC9C /* Table.swift */; };
		6E83CBEB29269E6C0043DC9C /* Table.swift in Sources */ = {isa = PBXBuildFile; fileRef = 6E83CBE829269E6C0043DC9C /* Table.swift */; };
		6E83CBED2926A2970043DC9C /* GoogleService-Info.plist in Resources */ = {isa = PBXBuildFile; fileRef = 6E83CBEC2926A2970043DC9C /* GoogleService-Info.plist */; };
		6E83CBEE2926A2970043DC9C /* GoogleService-Info.plist in Resources */ = {isa = PBXBuildFile; fileRef = 6E83CBEC2926A2970043DC9C /* GoogleService-Info.plist */; };
		6E83CBEF2926A2970043DC9C /* GoogleService-Info.plist in Resources */ = {isa = PBXBuildFile; fileRef = 6E83CBEC2926A2970043DC9C /* GoogleService-Info.plist */; };
		6E83CBF22926A32E0043DC9C /* FirebaseAnalytics in Frameworks */ = {isa = PBXBuildFile; productRef = 6E83CBF12926A32E0043DC9C /* FirebaseAnalytics */; };
		6E83CBF42926A32E0043DC9C /* FirebaseAnalyticsOnDeviceConversion in Frameworks */ = {isa = PBXBuildFile; productRef = 6E83CBF32926A32E0043DC9C /* FirebaseAnalyticsOnDeviceConversion */; };
		6E83CBF62926A32E0043DC9C /* FirebaseAnalyticsSwift in Frameworks */ = {isa = PBXBuildFile; productRef = 6E83CBF52926A32E0043DC9C /* FirebaseAnalyticsSwift */; };
		6E83CBF82926A32E0043DC9C /* FirebaseAnalyticsWithoutAdIdSupport in Frameworks */ = {isa = PBXBuildFile; productRef = 6E83CBF72926A32E0043DC9C /* FirebaseAnalyticsWithoutAdIdSupport */; };
		6E83CBFA2926A32E0043DC9C /* FirebaseAppCheck in Frameworks */ = {isa = PBXBuildFile; productRef = 6E83CBF92926A32E0043DC9C /* FirebaseAppCheck */; };
		6E83CBFC2926A32E0043DC9C /* FirebaseAppDistribution-Beta in Frameworks */ = {isa = PBXBuildFile; productRef = 6E83CBFB2926A32E0043DC9C /* FirebaseAppDistribution-Beta */; };
		6E83CBFE2926A32E0043DC9C /* FirebaseAuth in Frameworks */ = {isa = PBXBuildFile; productRef = 6E83CBFD2926A32E0043DC9C /* FirebaseAuth */; };
		6E83CC002926A32E0043DC9C /* FirebaseAuthCombine-Community in Frameworks */ = {isa = PBXBuildFile; productRef = 6E83CBFF2926A32E0043DC9C /* FirebaseAuthCombine-Community */; };
		6E83CC022926A32F0043DC9C /* FirebaseCrashlytics in Frameworks */ = {isa = PBXBuildFile; productRef = 6E83CC012926A32F0043DC9C /* FirebaseCrashlytics */; };
		6E83CC042926A32F0043DC9C /* FirebaseDatabase in Frameworks */ = {isa = PBXBuildFile; productRef = 6E83CC032926A32F0043DC9C /* FirebaseDatabase */; };
		6E83CC062926A32F0043DC9C /* FirebaseDatabaseSwift in Frameworks */ = {isa = PBXBuildFile; productRef = 6E83CC052926A32F0043DC9C /* FirebaseDatabaseSwift */; };
		6E83CC082926A32F0043DC9C /* FirebaseDynamicLinks in Frameworks */ = {isa = PBXBuildFile; productRef = 6E83CC072926A32F0043DC9C /* FirebaseDynamicLinks */; };
		6E83CC0A2926A32F0043DC9C /* FirebaseFirestore in Frameworks */ = {isa = PBXBuildFile; productRef = 6E83CC092926A32F0043DC9C /* FirebaseFirestore */; };
		6E83CC0C2926A32F0043DC9C /* FirebaseFirestoreCombine-Community in Frameworks */ = {isa = PBXBuildFile; productRef = 6E83CC0B2926A32F0043DC9C /* FirebaseFirestoreCombine-Community */; };
		6E83CC0E2926A32F0043DC9C /* FirebaseFirestoreSwift in Frameworks */ = {isa = PBXBuildFile; productRef = 6E83CC0D2926A32F0043DC9C /* FirebaseFirestoreSwift */; };
		6E83CC102926A32F0043DC9C /* FirebaseFunctions in Frameworks */ = {isa = PBXBuildFile; productRef = 6E83CC0F2926A32F0043DC9C /* FirebaseFunctions */; };
		6E83CC122926A3300043DC9C /* FirebaseFunctionsCombine-Community in Frameworks */ = {isa = PBXBuildFile; productRef = 6E83CC112926A3300043DC9C /* FirebaseFunctionsCombine-Community */; };
		6E83CC142926A3300043DC9C /* FirebaseInAppMessaging-Beta in Frameworks */ = {isa = PBXBuildFile; productRef = 6E83CC132926A3300043DC9C /* FirebaseInAppMessaging-Beta */; };
		6E83CC162926A3300043DC9C /* FirebaseInAppMessagingSwift-Beta in Frameworks */ = {isa = PBXBuildFile; productRef = 6E83CC152926A3300043DC9C /* FirebaseInAppMessagingSwift-Beta */; };
		6E83CC182926A3300043DC9C /* FirebaseInstallations in Frameworks */ = {isa = PBXBuildFile; productRef = 6E83CC172926A3300043DC9C /* FirebaseInstallations */; };
		6E83CC1A2926A3300043DC9C /* FirebaseMLModelDownloader in Frameworks */ = {isa = PBXBuildFile; productRef = 6E83CC192926A3300043DC9C /* FirebaseMLModelDownloader */; };
		6E83CC1C2926A3310043DC9C /* FirebaseMessaging in Frameworks */ = {isa = PBXBuildFile; productRef = 6E83CC1B2926A3310043DC9C /* FirebaseMessaging */; };
		6E83CC1E2926A3310043DC9C /* FirebasePerformance in Frameworks */ = {isa = PBXBuildFile; productRef = 6E83CC1D2926A3310043DC9C /* FirebasePerformance */; };
		6E83CC202926A3310043DC9C /* FirebaseRemoteConfig in Frameworks */ = {isa = PBXBuildFile; productRef = 6E83CC1F2926A3310043DC9C /* FirebaseRemoteConfig */; };
		6E83CC222926A3310043DC9C /* FirebaseRemoteConfigSwift in Frameworks */ = {isa = PBXBuildFile; productRef = 6E83CC212926A3310043DC9C /* FirebaseRemoteConfigSwift */; };
		6E83CC242926A3320043DC9C /* FirebaseStorage in Frameworks */ = {isa = PBXBuildFile; productRef = 6E83CC232926A3320043DC9C /* FirebaseStorage */; };
		6E83CC262926A3320043DC9C /* FirebaseStorageCombine-Community in Frameworks */ = {isa = PBXBuildFile; productRef = 6E83CC252926A3320043DC9C /* FirebaseStorageCombine-Community */; };
/* End PBXBuildFile section */

/* Begin PBXContainerItemProxy section */
		6E83CBB42925F9ED0043DC9C /* PBXContainerItemProxy */ = {
			isa = PBXContainerItemProxy;
			containerPortal = 6E83CB952925F9EB0043DC9C /* Project object */;
			proxyType = 1;
			remoteGlobalIDString = 6E83CB9C2925F9EB0043DC9C;
			remoteInfo = "Favorite Foods";
		};
		6E83CBBE2925F9ED0043DC9C /* PBXContainerItemProxy */ = {
			isa = PBXContainerItemProxy;
			containerPortal = 6E83CB952925F9EB0043DC9C /* Project object */;
			proxyType = 1;
			remoteGlobalIDString = 6E83CB9C2925F9EB0043DC9C;
			remoteInfo = "Favorite Foods";
		};
/* End PBXContainerItemProxy section */

/* Begin PBXFileReference section */
		6E83CB9D2925F9EB0043DC9C /* Favorite Foods.app */ = {isa = PBXFileReference; explicitFileType = wrapper.application; includeInIndex = 0; path = "Favorite Foods.app"; sourceTree = BUILT_PRODUCTS_DIR; };
		6E83CBA02925F9EB0043DC9C /* AppDelegate.swift */ = {isa = PBXFileReference; lastKnownFileType = sourcecode.swift; path = AppDelegate.swift; sourceTree = "<group>"; };
		6E83CBA22925F9EB0043DC9C /* SceneDelegate.swift */ = {isa = PBXFileReference; lastKnownFileType = sourcecode.swift; path = SceneDelegate.swift; sourceTree = "<group>"; };
		6E83CBA92925F9ED0043DC9C /* Assets.xcassets */ = {isa = PBXFileReference; lastKnownFileType = folder.assetcatalog; path = Assets.xcassets; sourceTree = "<group>"; };
		6E83CBAC2925F9ED0043DC9C /* Base */ = {isa = PBXFileReference; lastKnownFileType = file.storyboard; name = Base; path = Base.lproj/LaunchScreen.storyboard; sourceTree = "<group>"; };
		6E83CBAE2925F9ED0043DC9C /* Info.plist */ = {isa = PBXFileReference; lastKnownFileType = text.plist.xml; path = Info.plist; sourceTree = "<group>"; };
		6E83CBB32925F9ED0043DC9C /* Favorite FoodsTests.xctest */ = {isa = PBXFileReference; explicitFileType = wrapper.cfbundle; includeInIndex = 0; path = "Favorite FoodsTests.xctest"; sourceTree = BUILT_PRODUCTS_DIR; };
		6E83CBB72925F9ED0043DC9C /* Favorite_FoodsTests.swift */ = {isa = PBXFileReference; lastKnownFileType = sourcecode.swift; path = Favorite_FoodsTests.swift; sourceTree = "<group>"; };
		6E83CBBD2925F9ED0043DC9C /* Favorite FoodsUITests.xctest */ = {isa = PBXFileReference; explicitFileType = wrapper.cfbundle; includeInIndex = 0; path = "Favorite FoodsUITests.xctest"; sourceTree = BUILT_PRODUCTS_DIR; };
		6E83CBC12925F9ED0043DC9C /* Favorite_FoodsUITests.swift */ = {isa = PBXFileReference; lastKnownFileType = sourcecode.swift; path = Favorite_FoodsUITests.swift; sourceTree = "<group>"; };
		6E83CBC32925F9ED0043DC9C /* Favorite_FoodsUITestsLaunchTests.swift */ = {isa = PBXFileReference; lastKnownFileType = sourcecode.swift; path = Favorite_FoodsUITestsLaunchTests.swift; sourceTree = "<group>"; };
		6E83CBD02925FAA40043DC9C /* Main.storyboard */ = {isa = PBXFileReference; fileEncoding = 4; lastKnownFileType = file.storyboard; path = Main.storyboard; sourceTree = "<group>"; };
		6E83CBD42925FBF50043DC9C /* WelcomeViewController.swift */ = {isa = PBXFileReference; fileEncoding = 4; lastKnownFileType = sourcecode.swift; path = WelcomeViewController.swift; sourceTree = "<group>"; };
		6E83CBDC2925FC0A0043DC9C /* RegisterViewController.swift */ = {isa = PBXFileReference; fileEncoding = 4; lastKnownFileType = sourcecode.swift; path = RegisterViewController.swift; sourceTree = "<group>"; };
		6E83CBE02925FC110043DC9C /* LoginViewController.swift */ = {isa = PBXFileReference; fileEncoding = 4; lastKnownFileType = sourcecode.swift; path = LoginViewController.swift; sourceTree = "<group>"; };
		6E83CBE829269E6C0043DC9C /* Table.swift */ = {isa = PBXFileReference; lastKnownFileType = sourcecode.swift; path = Table.swift; sourceTree = "<group>"; };
		6E83CBEC2926A2970043DC9C /* GoogleService-Info.plist */ = {isa = PBXFileReference; fileEncoding = 4; lastKnownFileType = text.plist.xml; path = "GoogleService-Info.plist"; sourceTree = "<group>"; };
/* End PBXFileReference section */

/* Begin PBXFrameworksBuildPhase section */
		6E83CB9A2925F9EB0043DC9C /* Frameworks */ = {
			isa = PBXFrameworksBuildPhase;
			buildActionMask = 2147483647;
			files = (
				6E83CC042926A32F0043DC9C /* FirebaseDatabase in Frameworks */,
				6E83CC122926A3300043DC9C /* FirebaseFunctionsCombine-Community in Frameworks */,
				6E83CC0A2926A32F0043DC9C /* FirebaseFirestore in Frameworks */,
				6E83CBF62926A32E0043DC9C /* FirebaseAnalyticsSwift in Frameworks */,
				6E83CBF22926A32E0043DC9C /* FirebaseAnalytics in Frameworks */,
				6E83CBF42926A32E0043DC9C /* FirebaseAnalyticsOnDeviceConversion in Frameworks */,
				6E83CC1A2926A3300043DC9C /* FirebaseMLModelDownloader in Frameworks */,
				6E83CC0E2926A32F0043DC9C /* FirebaseFirestoreSwift in Frameworks */,
				6E83CBFA2926A32E0043DC9C /* FirebaseAppCheck in Frameworks */,
				6E83CBF82926A32E0043DC9C /* FirebaseAnalyticsWithoutAdIdSupport in Frameworks */,
				6E83CBFE2926A32E0043DC9C /* FirebaseAuth in Frameworks */,
				6E83CC022926A32F0043DC9C /* FirebaseCrashlytics in Frameworks */,
				6E83CC222926A3310043DC9C /* FirebaseRemoteConfigSwift in Frameworks */,
				6E83CC142926A3300043DC9C /* FirebaseInAppMessaging-Beta in Frameworks */,
				6E83CC062926A32F0043DC9C /* FirebaseDatabaseSwift in Frameworks */,
				6E83CC102926A32F0043DC9C /* FirebaseFunctions in Frameworks */,
				6E83CC262926A3320043DC9C /* FirebaseStorageCombine-Community in Frameworks */,
				6E83CC202926A3310043DC9C /* FirebaseRemoteConfig in Frameworks */,
				6E83CBFC2926A32E0043DC9C /* FirebaseAppDistribution-Beta in Frameworks */,
				6E83CC002926A32E0043DC9C /* FirebaseAuthCombine-Community in Frameworks */,
				6E83CC1E2926A3310043DC9C /* FirebasePerformance in Frameworks */,
				6E83CC162926A3300043DC9C /* FirebaseInAppMessagingSwift-Beta in Frameworks */,
				6E83CC242926A3320043DC9C /* FirebaseStorage in Frameworks */,
				6E83CC082926A32F0043DC9C /* FirebaseDynamicLinks in Frameworks */,
				6E83CC0C2926A32F0043DC9C /* FirebaseFirestoreCombine-Community in Frameworks */,
				6E83CC1C2926A3310043DC9C /* FirebaseMessaging in Frameworks */,
				6E83CC182926A3300043DC9C /* FirebaseInstallations in Frameworks */,
			);
			runOnlyForDeploymentPostprocessing = 0;
		};
		6E83CBB02925F9ED0043DC9C /* Frameworks */ = {
			isa = PBXFrameworksBuildPhase;
			buildActionMask = 2147483647;
			files = (
			);
			runOnlyForDeploymentPostprocessing = 0;
		};
		6E83CBBA2925F9ED0043DC9C /* Frameworks */ = {
			isa = PBXFrameworksBuildPhase;
			buildActionMask = 2147483647;
			files = (
			);
			runOnlyForDeploymentPostprocessing = 0;
		};
/* End PBXFrameworksBuildPhase section */

/* Begin PBXGroup section */
		6E83CB942925F9EB0043DC9C = {
			isa = PBXGroup;
			children = (
				6E83CB9F2925F9EB0043DC9C /* Favorite Foods */,
				6E83CBB62925F9ED0043DC9C /* Favorite FoodsTests */,
				6E83CBC02925F9ED0043DC9C /* Favorite FoodsUITests */,
				6E83CB9E2925F9EB0043DC9C /* Products */,
			);
			sourceTree = "<group>";
		};
		6E83CB9E2925F9EB0043DC9C /* Products */ = {
			isa = PBXGroup;
			children = (
				6E83CB9D2925F9EB0043DC9C /* Favorite Foods.app */,
				6E83CBB32925F9ED0043DC9C /* Favorite FoodsTests.xctest */,
				6E83CBBD2925F9ED0043DC9C /* Favorite FoodsUITests.xctest */,
			);
			name = Products;
			sourceTree = "<group>";
		};
		6E83CB9F2925F9EB0043DC9C /* Favorite Foods */ = {
			isa = PBXGroup;
			children = (
				6E83CBA02925F9EB0043DC9C /* AppDelegate.swift */,
				6E83CBA22925F9EB0043DC9C /* SceneDelegate.swift */,
				6E83CBA92925F9ED0043DC9C /* Assets.xcassets */,
				6E83CBD42925FBF50043DC9C /* WelcomeViewController.swift */,
				6E83CBDC2925FC0A0043DC9C /* RegisterViewController.swift */,
				6E83CBE02925FC110043DC9C /* LoginViewController.swift */,
				6E83CBD02925FAA40043DC9C /* Main.storyboard */,
				6E83CBE829269E6C0043DC9C /* Table.swift */,
				6E83CBAB2925F9ED0043DC9C /* LaunchScreen.storyboard */,
				6E83CBEC2926A2970043DC9C /* GoogleService-Info.plist */,
				6E83CBAE2925F9ED0043DC9C /* Info.plist */,
			);
			path = "Favorite Foods";
			sourceTree = "<group>";
		};
		6E83CBB62925F9ED0043DC9C /* Favorite FoodsTests */ = {
			isa = PBXGroup;
			children = (
				6E83CBB72925F9ED0043DC9C /* Favorite_FoodsTests.swift */,
			);
			path = "Favorite FoodsTests";
			sourceTree = "<group>";
		};
		6E83CBC02925F9ED0043DC9C /* Favorite FoodsUITests */ = {
			isa = PBXGroup;
			children = (
				6E83CBC12925F9ED0043DC9C /* Favorite_FoodsUITests.swift */,
				6E83CBC32925F9ED0043DC9C /* Favorite_FoodsUITestsLaunchTests.swift */,
			);
			path = "Favorite FoodsUITests";
			sourceTree = "<group>";
		};
/* End PBXGroup section */

/* Begin PBXNativeTarget section */
		6E83CB9C2925F9EB0043DC9C /* Favorite Foods */ = {
			isa = PBXNativeTarget;
			buildConfigurationList = 6E83CBC72925F9ED0043DC9C /* Build configuration list for PBXNativeTarget "Favorite Foods" */;
			buildPhases = (
				6E83CB992925F9EB0043DC9C /* Sources */,
				6E83CB9A2925F9EB0043DC9C /* Frameworks */,
				6E83CB9B2925F9EB0043DC9C /* Resources */,
			);
			buildRules = (
			);
			dependencies = (
			);
			name = "Favorite Foods";
			packageProductDependencies = (
				6E83CBF12926A32E0043DC9C /* FirebaseAnalytics */,
				6E83CBF32926A32E0043DC9C /* FirebaseAnalyticsOnDeviceConversion */,
				6E83CBF52926A32E0043DC9C /* FirebaseAnalyticsSwift */,
				6E83CBF72926A32E0043DC9C /* FirebaseAnalyticsWithoutAdIdSupport */,
				6E83CBF92926A32E0043DC9C /* FirebaseAppCheck */,
				6E83CBFB2926A32E0043DC9C /* FirebaseAppDistribution-Beta */,
				6E83CBFD2926A32E0043DC9C /* FirebaseAuth */,
				6E83CBFF2926A32E0043DC9C /* FirebaseAuthCombine-Community */,
				6E83CC012926A32F0043DC9C /* FirebaseCrashlytics */,
				6E83CC032926A32F0043DC9C /* FirebaseDatabase */,
				6E83CC052926A32F0043DC9C /* FirebaseDatabaseSwift */,
				6E83CC072926A32F0043DC9C /* FirebaseDynamicLinks */,
				6E83CC092926A32F0043DC9C /* FirebaseFirestore */,
				6E83CC0B2926A32F0043DC9C /* FirebaseFirestoreCombine-Community */,
				6E83CC0D2926A32F0043DC9C /* FirebaseFirestoreSwift */,
				6E83CC0F2926A32F0043DC9C /* FirebaseFunctions */,
				6E83CC112926A3300043DC9C /* FirebaseFunctionsCombine-Community */,
				6E83CC132926A3300043DC9C /* FirebaseInAppMessaging-Beta */,
				6E83CC152926A3300043DC9C /* FirebaseInAppMessagingSwift-Beta */,
				6E83CC172926A3300043DC9C /* FirebaseInstallations */,
				6E83CC192926A3300043DC9C /* FirebaseMLModelDownloader */,
				6E83CC1B2926A3310043DC9C /* FirebaseMessaging */,
				6E83CC1D2926A3310043DC9C /* FirebasePerformance */,
				6E83CC1F2926A3310043DC9C /* FirebaseRemoteConfig */,
				6E83CC212926A3310043DC9C /* FirebaseRemoteConfigSwift */,
				6E83CC232926A3320043DC9C /* FirebaseStorage */,
				6E83CC252926A3320043DC9C /* FirebaseStorageCombine-Community */,
			);
			productName = "Favorite Foods";
			productReference = 6E83CB9D2925F9EB0043DC9C /* Favorite Foods.app */;
			productType = "com.apple.product-type.application";
		};
		6E83CBB22925F9ED0043DC9C /* Favorite FoodsTests */ = {
			isa = PBXNativeTarget;
			buildConfigurationList = 6E83CBCA2925F9ED0043DC9C /* Build configuration list for PBXNativeTarget "Favorite FoodsTests" */;
			buildPhases = (
				6E83CBAF2925F9ED0043DC9C /* Sources */,
				6E83CBB02925F9ED0043DC9C /* Frameworks */,
				6E83CBB12925F9ED0043DC9C /* Resources */,
			);
			buildRules = (
			);
			dependencies = (
				6E83CBB52925F9ED0043DC9C /* PBXTargetDependency */,
			);
			name = "Favorite FoodsTests";
			productName = "Favorite FoodsTests";
			productReference = 6E83CBB32925F9ED0043DC9C /* Favorite FoodsTests.xctest */;
			productType = "com.apple.product-type.bundle.unit-test";
		};
		6E83CBBC2925F9ED0043DC9C /* Favorite FoodsUITests */ = {
			isa = PBXNativeTarget;
			buildConfigurationList = 6E83CBCD2925F9ED0043DC9C /* Build configuration list for PBXNativeTarget "Favorite FoodsUITests" */;
			buildPhases = (
				6E83CBB92925F9ED0043DC9C /* Sources */,
				6E83CBBA2925F9ED0043DC9C /* Frameworks */,
				6E83CBBB2925F9ED0043DC9C /* Resources */,
			);
			buildRules = (
			);
			dependencies = (
				6E83CBBF2925F9ED0043DC9C /* PBXTargetDependency */,
			);
			name = "Favorite FoodsUITests";
			productName = "Favorite FoodsUITests";
			productReference = 6E83CBBD2925F9ED0043DC9C /* Favorite FoodsUITests.xctest */;
			productType = "com.apple.product-type.bundle.ui-testing";
		};
/* End PBXNativeTarget section */

/* Begin PBXProject section */
		6E83CB952925F9EB0043DC9C /* Project object */ = {
			isa = PBXProject;
			attributes = {
				BuildIndependentTargetsInParallel = 1;
				LastSwiftUpdateCheck = 1400;
				LastUpgradeCheck = 1400;
				TargetAttributes = {
					6E83CB9C2925F9EB0043DC9C = {
						CreatedOnToolsVersion = 14.0;
					};
					6E83CBB22925F9ED0043DC9C = {
						CreatedOnToolsVersion = 14.0;
						TestTargetID = 6E83CB9C2925F9EB0043DC9C;
					};
					6E83CBBC2925F9ED0043DC9C = {
						CreatedOnToolsVersion = 14.0;
						TestTargetID = 6E83CB9C2925F9EB0043DC9C;
					};
				};
			};
			buildConfigurationList = 6E83CB982925F9EB0043DC9C /* Build configuration list for PBXProject "Favorite Foods" */;
			compatibilityVersion = "Xcode 14.0";
			developmentRegion = en;
			hasScannedForEncodings = 0;
			knownRegions = (
				en,
				Base,
			);
			mainGroup = 6E83CB942925F9EB0043DC9C;
			packageReferences = (
				6E83CBF02926A32E0043DC9C /* XCRemoteSwiftPackageReference "firebase-ios-sdk" */,
			);
			productRefGroup = 6E83CB9E2925F9EB0043DC9C /* Products */;
			projectDirPath = "";
			projectRoot = "";
			targets = (
				6E83CB9C2925F9EB0043DC9C /* Favorite Foods */,
				6E83CBB22925F9ED0043DC9C /* Favorite FoodsTests */,
				6E83CBBC2925F9ED0043DC9C /* Favorite FoodsUITests */,
			);
		};
/* End PBXProject section */

/* Begin PBXResourcesBuildPhase section */
		6E83CB9B2925F9EB0043DC9C /* Resources */ = {
			isa = PBXResourcesBuildPhase;
			buildActionMask = 2147483647;
			files = (
				6E83CBD12925FAA50043DC9C /* Main.storyboard in Resources */,
				6E83CBED2926A2970043DC9C /* GoogleService-Info.plist in Resources */,
				6E83CBAD2925F9ED0043DC9C /* LaunchScreen.storyboard in Resources */,
				6E83CBAA2925F9ED0043DC9C /* Assets.xcassets in Resources */,
			);
			runOnlyForDeploymentPostprocessing = 0;
		};
		6E83CBB12925F9ED0043DC9C /* Resources */ = {
			isa = PBXResourcesBuildPhase;
			buildActionMask = 2147483647;
			files = (
				6E83CBD22925FAA50043DC9C /* Main.storyboard in Resources */,
				6E83CBEE2926A2970043DC9C /* GoogleService-Info.plist in Resources */,
			);
			runOnlyForDeploymentPostprocessing = 0;
		};
		6E83CBBB2925F9ED0043DC9C /* Resources */ = {
			isa = PBXResourcesBuildPhase;
			buildActionMask = 2147483647;
			files = (
				6E83CBD32925FAA50043DC9C /* Main.storyboard in Resources */,
				6E83CBEF2926A2970043DC9C /* GoogleService-Info.plist in Resources */,
			);
			runOnlyForDeploymentPostprocessing = 0;
		};
/* End PBXResourcesBuildPhase section */

/* Begin PBXSourcesBuildPhase section */
		6E83CB992925F9EB0043DC9C /* Sources */ = {
			isa = PBXSourcesBuildPhase;
			buildActionMask = 2147483647;
			files = (
				6E83CBE929269E6C0043DC9C /* Table.swift in Sources */,
				6E83CBE12925FC110043DC9C /* LoginViewController.swift in Sources */,
				6E83CBD52925FBF50043DC9C /* WelcomeViewController.swift in Sources */,
				6E83CBA12925F9EB0043DC9C /* AppDelegate.swift in Sources */,
				6E83CBDD2925FC0A0043DC9C /* RegisterViewController.swift in Sources */,
				6E83CBA32925F9EB0043DC9C /* SceneDelegate.swift in Sources */,
			);
			runOnlyForDeploymentPostprocessing = 0;
		};
		6E83CBAF2925F9ED0043DC9C /* Sources */ = {
			isa = PBXSourcesBuildPhase;
			buildActionMask = 2147483647;
			files = (
				6E83CBB82925F9ED0043DC9C /* Favorite_FoodsTests.swift in Sources */,
				6E83CBEA29269E6C0043DC9C /* Table.swift in Sources */,
				6E83CBD62925FBF50043DC9C /* WelcomeViewController.swift in Sources */,
				6E83CBE22925FC110043DC9C /* LoginViewController.swift in Sources */,
				6E83CBDE2925FC0A0043DC9C /* RegisterViewController.swift in Sources */,
			);
			runOnlyForDeploymentPostprocessing = 0;
		};
		6E83CBB92925F9ED0043DC9C /* Sources */ = {
			isa = PBXSourcesBuildPhase;
			buildActionMask = 2147483647;
			files = (
				6E83CBEB29269E6C0043DC9C /* Table.swift in Sources */,
				6E83CBE32925FC110043DC9C /* LoginViewController.swift in Sources */,
				6E83CBD72925FBF50043DC9C /* WelcomeViewController.swift in Sources */,
				6E83CBDF2925FC0A0043DC9C /* RegisterViewController.swift in Sources */,
				6E83CBC42925F9ED0043DC9C /* Favorite_FoodsUITestsLaunchTests.swift in Sources */,
				6E83CBC22925F9ED0043DC9C /* Favorite_FoodsUITests.swift in Sources */,
			);
			runOnlyForDeploymentPostprocessing = 0;
		};
/* End PBXSourcesBuildPhase section */

/* Begin PBXTargetDependency section */
		6E83CBB52925F9ED0043DC9C /* PBXTargetDependency */ = {
			isa = PBXTargetDependency;
			target = 6E83CB9C2925F9EB0043DC9C /* Favorite Foods */;
			targetProxy = 6E83CBB42925F9ED0043DC9C /* PBXContainerItemProxy */;
		};
		6E83CBBF2925F9ED0043DC9C /* PBXTargetDependency */ = {
			isa = PBXTargetDependency;
			target = 6E83CB9C2925F9EB0043DC9C /* Favorite Foods */;
			targetProxy = 6E83CBBE2925F9ED0043DC9C /* PBXContainerItemProxy */;
		};
/* End PBXTargetDependency section */

/* Begin PBXVariantGroup section */
		6E83CBAB2925F9ED0043DC9C /* LaunchScreen.storyboard */ = {
			isa = PBXVariantGroup;
			children = (
				6E83CBAC2925F9ED0043DC9C /* Base */,
			);
			name = LaunchScreen.storyboard;
			sourceTree = "<group>";
		};
/* End PBXVariantGroup section */

/* Begin XCBuildConfiguration section */
		6E83CBC52925F9ED0043DC9C /* Debug */ = {
			isa = XCBuildConfiguration;
			buildSettings = {
				ALWAYS_SEARCH_USER_PATHS = NO;
				CLANG_ANALYZER_NONNULL = YES;
				CLANG_ANALYZER_NUMBER_OBJECT_CONVERSION = YES_AGGRESSIVE;
				CLANG_CXX_LANGUAGE_STANDARD = "gnu++20";
				CLANG_ENABLE_MODULES = YES;
				CLANG_ENABLE_OBJC_ARC = YES;
				CLANG_ENABLE_OBJC_WEAK = YES;
				CLANG_WARN_BLOCK_CAPTURE_AUTORELEASING = YES;
				CLANG_WARN_BOOL_CONVERSION = YES;
				CLANG_WARN_COMMA = YES;
				CLANG_WARN_CONSTANT_CONVERSION = YES;
				CLANG_WARN_DEPRECATED_OBJC_IMPLEMENTATIONS = YES;
				CLANG_WARN_DIRECT_OBJC_ISA_USAGE = YES_ERROR;
				CLANG_WARN_DOCUMENTATION_COMMENTS = YES;
				CLANG_WARN_EMPTY_BODY = YES;
				CLANG_WARN_ENUM_CONVERSION = YES;
				CLANG_WARN_INFINITE_RECURSION = YES;
				CLANG_WARN_INT_CONVERSION = YES;
				CLANG_WARN_NON_LITERAL_NULL_CONVERSION = YES;
				CLANG_WARN_OBJC_IMPLICIT_RETAIN_SELF = YES;
				CLANG_WARN_OBJC_LITERAL_CONVERSION = YES;
				CLANG_WARN_OBJC_ROOT_CLASS = YES_ERROR;
				CLANG_WARN_QUOTED_INCLUDE_IN_FRAMEWORK_HEADER = YES;
				CLANG_WARN_RANGE_LOOP_ANALYSIS = YES;
				CLANG_WARN_STRICT_PROTOTYPES = YES;
				CLANG_WARN_SUSPICIOUS_MOVE = YES;
				CLANG_WARN_UNGUARDED_AVAILABILITY = YES_AGGRESSIVE;
				CLANG_WARN_UNREACHABLE_CODE = YES;
				CLANG_WARN__DUPLICATE_METHOD_MATCH = YES;
				COPY_PHASE_STRIP = NO;
				DEBUG_INFORMATION_FORMAT = dwarf;
				ENABLE_STRICT_OBJC_MSGSEND = YES;
				ENABLE_TESTABILITY = YES;
				GCC_C_LANGUAGE_STANDARD = gnu11;
				GCC_DYNAMIC_NO_PIC = NO;
				GCC_NO_COMMON_BLOCKS = YES;
				GCC_OPTIMIZATION_LEVEL = 0;
				GCC_PREPROCESSOR_DEFINITIONS = (
					"DEBUG=1",
					"$(inherited)",
				);
				GCC_WARN_64_TO_32_BIT_CONVERSION = YES;
				GCC_WARN_ABOUT_RETURN_TYPE = YES_ERROR;
				GCC_WARN_UNDECLARED_SELECTOR = YES;
				GCC_WARN_UNINITIALIZED_AUTOS = YES_AGGRESSIVE;
				GCC_WARN_UNUSED_FUNCTION = YES;
				GCC_WARN_UNUSED_VARIABLE = YES;
				IPHONEOS_DEPLOYMENT_TARGET = 16.0;
				MTL_ENABLE_DEBUG_INFO = INCLUDE_SOURCE;
				MTL_FAST_MATH = YES;
				ONLY_ACTIVE_ARCH = YES;
				SDKROOT = iphoneos;
				SWIFT_ACTIVE_COMPILATION_CONDITIONS = DEBUG;
				SWIFT_OPTIMIZATION_LEVEL = "-Onone";
			};
			name = Debug;
		};
		6E83CBC62925F9ED0043DC9C /* Release */ = {
			isa = XCBuildConfiguration;
			buildSettings = {
				ALWAYS_SEARCH_USER_PATHS = NO;
				CLANG_ANALYZER_NONNULL = YES;
				CLANG_ANALYZER_NUMBER_OBJECT_CONVERSION = YES_AGGRESSIVE;
				CLANG_CXX_LANGUAGE_STANDARD = "gnu++20";
				CLANG_ENABLE_MODULES = YES;
				CLANG_ENABLE_OBJC_ARC = YES;
				CLANG_ENABLE_OBJC_WEAK = YES;
				CLANG_WARN_BLOCK_CAPTURE_AUTORELEASING = YES;
				CLANG_WARN_BOOL_CONVERSION = YES;
				CLANG_WARN_COMMA = YES;
				CLANG_WARN_CONSTANT_CONVERSION = YES;
				CLANG_WARN_DEPRECATED_OBJC_IMPLEMENTATIONS = YES;
				CLANG_WARN_DIRECT_OBJC_ISA_USAGE = YES_ERROR;
				CLANG_WARN_DOCUMENTATION_COMMENTS = YES;
				CLANG_WARN_EMPTY_BODY = YES;
				CLANG_WARN_ENUM_CONVERSION = YES;
				CLANG_WARN_INFINITE_RECURSION = YES;
				CLANG_WARN_INT_CONVERSION = YES;
				CLANG_WARN_NON_LITERAL_NULL_CONVERSION = YES;
				CLANG_WARN_OBJC_IMPLICIT_RETAIN_SELF = YES;
				CLANG_WARN_OBJC_LITERAL_CONVERSION = YES;
				CLANG_WARN_OBJC_ROOT_CLASS = YES_ERROR;
				CLANG_WARN_QUOTED_INCLUDE_IN_FRAMEWORK_HEADER = YES;
				CLANG_WARN_RANGE_LOOP_ANALYSIS = YES;
				CLANG_WARN_STRICT_PROTOTYPES = YES;
				CLANG_WARN_SUSPICIOUS_MOVE = YES;
				CLANG_WARN_UNGUARDED_AVAILABILITY = YES_AGGRESSIVE;
				CLANG_WARN_UNREACHABLE_CODE = YES;
				CLANG_WARN__DUPLICATE_METHOD_MATCH = YES;
				COPY_PHASE_STRIP = NO;
				DEBUG_INFORMATION_FORMAT = "dwarf-with-dsym";
				ENABLE_NS_ASSERTIONS = NO;
				ENABLE_STRICT_OBJC_MSGSEND = YES;
				GCC_C_LANGUAGE_STANDARD = gnu11;
				GCC_NO_COMMON_BLOCKS = YES;
				GCC_WARN_64_TO_32_BIT_CONVERSION = YES;
				GCC_WARN_ABOUT_RETURN_TYPE = YES_ERROR;
				GCC_WARN_UNDECLARED_SELECTOR = YES;
				GCC_WARN_UNINITIALIZED_AUTOS = YES_AGGRESSIVE;
				GCC_WARN_UNUSED_FUNCTION = YES;
				GCC_WARN_UNUSED_VARIABLE = YES;
				IPHONEOS_DEPLOYMENT_TARGET = 16.0;
				MTL_ENABLE_DEBUG_INFO = NO;
				MTL_FAST_MATH = YES;
				SDKROOT = iphoneos;
				SWIFT_COMPILATION_MODE = wholemodule;
				SWIFT_OPTIMIZATION_LEVEL = "-O";
				VALIDATE_PRODUCT = YES;
			};
			name = Release;
		};
		6E83CBC82925F9ED0043DC9C /* Debug */ = {
			isa = XCBuildConfiguration;
			buildSettings = {
				ASSETCATALOG_COMPILER_APPICON_NAME = AppIcon;
				ASSETCATALOG_COMPILER_GLOBAL_ACCENT_COLOR_NAME = AccentColor;
				CODE_SIGN_STYLE = Automatic;
				CURRENT_PROJECT_VERSION = 1;
				DEVELOPMENT_TEAM = MR82H66GP9;
				GENERATE_INFOPLIST_FILE = YES;
				INFOPLIST_FILE = "Favorite Foods/Info.plist";
				INFOPLIST_KEY_UIApplicationSupportsIndirectInputEvents = YES;
				INFOPLIST_KEY_UILaunchStoryboardName = LaunchScreen;
				INFOPLIST_KEY_UIMainStoryboardFile = Main;
				INFOPLIST_KEY_UISupportedInterfaceOrientations_iPad = "UIInterfaceOrientationPortrait UIInterfaceOrientationPortraitUpsideDown UIInterfaceOrientationLandscapeLeft UIInterfaceOrientationLandscapeRight";
				INFOPLIST_KEY_UISupportedInterfaceOrientations_iPhone = "UIInterfaceOrientationPortrait UIInterfaceOrientationLandscapeLeft UIInterfaceOrientationLandscapeRight";
				LD_RUNPATH_SEARCH_PATHS = (
					"$(inherited)",
					"@executable_path/Frameworks",
				);
				MARKETING_VERSION = 1.0;
				PRODUCT_BUNDLE_IDENTIFIER = "com.JDHess.Favorite-Foods";
				PRODUCT_NAME = "$(TARGET_NAME)";
				SWIFT_EMIT_LOC_STRINGS = YES;
				SWIFT_VERSION = 5.0;
				TARGETED_DEVICE_FAMILY = "1,2";
			};
			name = Debug;
		};
		6E83CBC92925F9ED0043DC9C /* Release */ = {
			isa = XCBuildConfiguration;
			buildSettings = {
				ASSETCATALOG_COMPILER_APPICON_NAME = AppIcon;
				ASSETCATALOG_COMPILER_GLOBAL_ACCENT_COLOR_NAME = AccentColor;
				CODE_SIGN_STYLE = Automatic;
				CURRENT_PROJECT_VERSION = 1;
				DEVELOPMENT_TEAM = MR82H66GP9;
				GENERATE_INFOPLIST_FILE = YES;
				INFOPLIST_FILE = "Favorite Foods/Info.plist";
				INFOPLIST_KEY_UIApplicationSupportsIndirectInputEvents = YES;
				INFOPLIST_KEY_UILaunchStoryboardName = LaunchScreen;
				INFOPLIST_KEY_UIMainStoryboardFile = Main;
				INFOPLIST_KEY_UISupportedInterfaceOrientations_iPad = "UIInterfaceOrientationPortrait UIInterfaceOrientationPortraitUpsideDown UIInterfaceOrientationLandscapeLeft UIInterfaceOrientationLandscapeRight";
				INFOPLIST_KEY_UISupportedInterfaceOrientations_iPhone = "UIInterfaceOrientationPortrait UIInterfaceOrientationLandscapeLeft UIInterfaceOrientationLandscapeRight";
				LD_RUNPATH_SEARCH_PATHS = (
					"$(inherited)",
					"@executable_path/Frameworks",
				);
				MARKETING_VERSION = 1.0;
				PRODUCT_BUNDLE_IDENTIFIER = "com.JDHess.Favorite-Foods";
				PRODUCT_NAME = "$(TARGET_NAME)";
				SWIFT_EMIT_LOC_STRINGS = YES;
				SWIFT_VERSION = 5.0;
				TARGETED_DEVICE_FAMILY = "1,2";
			};
			name = Release;
		};
		6E83CBCB2925F9ED0043DC9C /* Debug */ = {
			isa = XCBuildConfiguration;
			buildSettings = {
				ALWAYS_EMBED_SWIFT_STANDARD_LIBRARIES = YES;
				BUNDLE_LOADER = "$(TEST_HOST)";
				CODE_SIGN_STYLE = Automatic;
				CURRENT_PROJECT_VERSION = 1;
				DEVELOPMENT_TEAM = MR82H66GP9;
				GENERATE_INFOPLIST_FILE = YES;
				IPHONEOS_DEPLOYMENT_TARGET = 16.0;
				MARKETING_VERSION = 1.0;
				PRODUCT_BUNDLE_IDENTIFIER = "com.JDHess.Favorite-FoodsTests";
				PRODUCT_NAME = "$(TARGET_NAME)";
				SWIFT_EMIT_LOC_STRINGS = NO;
				SWIFT_VERSION = 5.0;
				TARGETED_DEVICE_FAMILY = "1,2";
				TEST_HOST = "$(BUILT_PRODUCTS_DIR)/Favorite Foods.app/$(BUNDLE_EXECUTABLE_FOLDER_PATH)/Favorite Foods";
			};
			name = Debug;
		};
		6E83CBCC2925F9ED0043DC9C /* Release */ = {
			isa = XCBuildConfiguration;
			buildSettings = {
				ALWAYS_EMBED_SWIFT_STANDARD_LIBRARIES = YES;
				BUNDLE_LOADER = "$(TEST_HOST)";
				CODE_SIGN_STYLE = Automatic;
				CURRENT_PROJECT_VERSION = 1;
				DEVELOPMENT_TEAM = MR82H66GP9;
				GENERATE_INFOPLIST_FILE = YES;
				IPHONEOS_DEPLOYMENT_TARGET = 16.0;
				MARKETING_VERSION = 1.0;
				PRODUCT_BUNDLE_IDENTIFIER = "com.JDHess.Favorite-FoodsTests";
				PRODUCT_NAME = "$(TARGET_NAME)";
				SWIFT_EMIT_LOC_STRINGS = NO;
				SWIFT_VERSION = 5.0;
				TARGETED_DEVICE_FAMILY = "1,2";
				TEST_HOST = "$(BUILT_PRODUCTS_DIR)/Favorite Foods.app/$(BUNDLE_EXECUTABLE_FOLDER_PATH)/Favorite Foods";
			};
			name = Release;
		};
		6E83CBCE2925F9ED0043DC9C /* Debug */ = {
			isa = XCBuildConfiguration;
			buildSettings = {
				ALWAYS_EMBED_SWIFT_STANDARD_LIBRARIES = YES;
				CODE_SIGN_STYLE = Automatic;
				CURRENT_PROJECT_VERSION = 1;
				DEVELOPMENT_TEAM = MR82H66GP9;
				GENERATE_INFOPLIST_FILE = YES;
				MARKETING_VERSION = 1.0;
				PRODUCT_BUNDLE_IDENTIFIER = "com.JDHess.Favorite-FoodsUITests";
				PRODUCT_NAME = "$(TARGET_NAME)";
				SWIFT_EMIT_LOC_STRINGS = NO;
				SWIFT_VERSION = 5.0;
				TARGETED_DEVICE_FAMILY = "1,2";
				TEST_TARGET_NAME = "Favorite Foods";
			};
			name = Debug;
		};
		6E83CBCF2925F9ED0043DC9C /* Release */ = {
			isa = XCBuildConfiguration;
			buildSettings = {
				ALWAYS_EMBED_SWIFT_STANDARD_LIBRARIES = YES;
				CODE_SIGN_STYLE = Automatic;
				CURRENT_PROJECT_VERSION = 1;
				DEVELOPMENT_TEAM = MR82H66GP9;
				GENERATE_INFOPLIST_FILE = YES;
				MARKETING_VERSION = 1.0;
				PRODUCT_BUNDLE_IDENTIFIER = "com.JDHess.Favorite-FoodsUITests";
				PRODUCT_NAME = "$(TARGET_NAME)";
				SWIFT_EMIT_LOC_STRINGS = NO;
				SWIFT_VERSION = 5.0;
				TARGETED_DEVICE_FAMILY = "1,2";
				TEST_TARGET_NAME = "Favorite Foods";
			};
			name = Release;
		};
/* End XCBuildConfiguration section */

/* Begin XCConfigurationList section */
		6E83CB982925F9EB0043DC9C /* Build configuration list for PBXProject "Favorite Foods" */ = {
			isa = XCConfigurationList;
			buildConfigurations = (
				6E83CBC52925F9ED0043DC9C /* Debug */,
				6E83CBC62925F9ED0043DC9C /* Release */,
			);
			defaultConfigurationIsVisible = 0;
			defaultConfigurationName = Release;
		};
		6E83CBC72925F9ED0043DC9C /* Build configuration list for PBXNativeTarget "Favorite Foods" */ = {
			isa = XCConfigurationList;
			buildConfigurations = (
				6E83CBC82925F9ED0043DC9C /* Debug */,
				6E83CBC92925F9ED0043DC9C /* Release */,
			);
			defaultConfigurationIsVisible = 0;
			defaultConfigurationName = Release;
		};
		6E83CBCA2925F9ED0043DC9C /* Build configuration list for PBXNativeTarget "Favorite FoodsTests" */ = {
			isa = XCConfigurationList;
			buildConfigurations = (
				6E83CBCB2925F9ED0043DC9C /* Debug */,
				6E83CBCC2925F9ED0043DC9C /* Release */,
			);
			defaultConfigurationIsVisible = 0;
			defaultConfigurationName = Release;
		};
		6E83CBCD2925F9ED0043DC9C /* Build configuration list for PBXNativeTarget "Favorite FoodsUITests" */ = {
			isa = XCConfigurationList;
			buildConfigurations = (
				6E83CBCE2925F9ED0043DC9C /* Debug */,
				6E83CBCF2925F9ED0043DC9C /* Release */,
			);
			defaultConfigurationIsVisible = 0;
			defaultConfigurationName = Release;
		};
/* End XCConfigurationList section */

/* Begin XCRemoteSwiftPackageReference section */
		6E83CBF02926A32E0043DC9C /* XCRemoteSwiftPackageReference "firebase-ios-sdk" */ = {
			isa = XCRemoteSwiftPackageReference;
			repositoryURL = "https://github.com/firebase/firebase-ios-sdk";
			requirement = {
				branch = master;
				kind = branch;
			};
		};
/* End XCRemoteSwiftPackageReference section */

/* Begin XCSwiftPackageProductDependency section */
		6E83CBF12926A32E0043DC9C /* FirebaseAnalytics */ = {
			isa = XCSwiftPackageProductDependency;
			package = 6E83CBF02926A32E0043DC9C /* XCRemoteSwiftPackageReference "firebase-ios-sdk" */;
			productName = FirebaseAnalytics;
		};
		6E83CBF32926A32E0043DC9C /* FirebaseAnalyticsOnDeviceConversion */ = {
			isa = XCSwiftPackageProductDependency;
			package = 6E83CBF02926A32E0043DC9C /* XCRemoteSwiftPackageReference "firebase-ios-sdk" */;
			productName = FirebaseAnalyticsOnDeviceConversion;
		};
		6E83CBF52926A32E0043DC9C /* FirebaseAnalyticsSwift */ = {
			isa = XCSwiftPackageProductDependency;
			package = 6E83CBF02926A32E0043DC9C /* XCRemoteSwiftPackageReference "firebase-ios-sdk" */;
			productName = FirebaseAnalyticsSwift;
		};
		6E83CBF72926A32E0043DC9C /* FirebaseAnalyticsWithoutAdIdSupport */ = {
			isa = XCSwiftPackageProductDependency;
			package = 6E83CBF02926A32E0043DC9C /* XCRemoteSwiftPackageReference "firebase-ios-sdk" */;
			productName = FirebaseAnalyticsWithoutAdIdSupport;
		};
		6E83CBF92926A32E0043DC9C /* FirebaseAppCheck */ = {
			isa = XCSwiftPackageProductDependency;
			package = 6E83CBF02926A32E0043DC9C /* XCRemoteSwiftPackageReference "firebase-ios-sdk" */;
			productName = FirebaseAppCheck;
		};
		6E83CBFB2926A32E0043DC9C /* FirebaseAppDistribution-Beta */ = {
			isa = XCSwiftPackageProductDependency;
			package = 6E83CBF02926A32E0043DC9C /* XCRemoteSwiftPackageReference "firebase-ios-sdk" */;
			productName = "FirebaseAppDistribution-Beta";
		};
		6E83CBFD2926A32E0043DC9C /* FirebaseAuth */ = {
			isa = XCSwiftPackageProductDependency;
			package = 6E83CBF02926A32E0043DC9C /* XCRemoteSwiftPackageReference "firebase-ios-sdk" */;
			productName = FirebaseAuth;
		};
		6E83CBFF2926A32E0043DC9C /* FirebaseAuthCombine-Community */ = {
			isa = XCSwiftPackageProductDependency;
			package = 6E83CBF02926A32E0043DC9C /* XCRemoteSwiftPackageReference "firebase-ios-sdk" */;
			productName = "FirebaseAuthCombine-Community";
		};
		6E83CC012926A32F0043DC9C /* FirebaseCrashlytics */ = {
			isa = XCSwiftPackageProductDependency;
			package = 6E83CBF02926A32E0043DC9C /* XCRemoteSwiftPackageReference "firebase-ios-sdk" */;
			productName = FirebaseCrashlytics;
		};
		6E83CC032926A32F0043DC9C /* FirebaseDatabase */ = {
			isa = XCSwiftPackageProductDependency;
			package = 6E83CBF02926A32E0043DC9C /* XCRemoteSwiftPackageReference "firebase-ios-sdk" */;
			productName = FirebaseDatabase;
		};
		6E83CC052926A32F0043DC9C /* FirebaseDatabaseSwift */ = {
			isa = XCSwiftPackageProductDependency;
			package = 6E83CBF02926A32E0043DC9C /* XCRemoteSwiftPackageReference "firebase-ios-sdk" */;
			productName = FirebaseDatabaseSwift;
		};
		6E83CC072926A32F0043DC9C /* FirebaseDynamicLinks */ = {
			isa = XCSwiftPackageProductDependency;
			package = 6E83CBF02926A32E0043DC9C /* XCRemoteSwiftPackageReference "firebase-ios-sdk" */;
			productName = FirebaseDynamicLinks;
		};
		6E83CC092926A32F0043DC9C /* FirebaseFirestore */ = {
			isa = XCSwiftPackageProductDependency;
			package = 6E83CBF02926A32E0043DC9C /* XCRemoteSwiftPackageReference "firebase-ios-sdk" */;
			productName = FirebaseFirestore;
		};
		6E83CC0B2926A32F0043DC9C /* FirebaseFirestoreCombine-Community */ = {
			isa = XCSwiftPackageProductDependency;
			package = 6E83CBF02926A32E0043DC9C /* XCRemoteSwiftPackageReference "firebase-ios-sdk" */;
			productName = "FirebaseFirestoreCombine-Community";
		};
		6E83CC0D2926A32F0043DC9C /* FirebaseFirestoreSwift */ = {
			isa = XCSwiftPackageProductDependency;
			package = 6E83CBF02926A32E0043DC9C /* XCRemoteSwiftPackageReference "firebase-ios-sdk" */;
			productName = FirebaseFirestoreSwift;
		};
		6E83CC0F2926A32F0043DC9C /* FirebaseFunctions */ = {
			isa = XCSwiftPackageProductDependency;
			package = 6E83CBF02926A32E0043DC9C /* XCRemoteSwiftPackageReference "firebase-ios-sdk" */;
			productName = FirebaseFunctions;
		};
		6E83CC112926A3300043DC9C /* FirebaseFunctionsCombine-Community */ = {
			isa = XCSwiftPackageProductDependency;
			package = 6E83CBF02926A32E0043DC9C /* XCRemoteSwiftPackageReference "firebase-ios-sdk" */;
			productName = "FirebaseFunctionsCombine-Community";
		};
		6E83CC132926A3300043DC9C /* FirebaseInAppMessaging-Beta */ = {
			isa = XCSwiftPackageProductDependency;
			package = 6E83CBF02926A32E0043DC9C /* XCRemoteSwiftPackageReference "firebase-ios-sdk" */;
			productName = "FirebaseInAppMessaging-Beta";
		};
		6E83CC152926A3300043DC9C /* FirebaseInAppMessagingSwift-Beta */ = {
			isa = XCSwiftPackageProductDependency;
			package = 6E83CBF02926A32E0043DC9C /* XCRemoteSwiftPackageReference "firebase-ios-sdk" */;
			productName = "FirebaseInAppMessagingSwift-Beta";
		};
		6E83CC172926A3300043DC9C /* FirebaseInstallations */ = {
			isa = XCSwiftPackageProductDependency;
			package = 6E83CBF02926A32E0043DC9C /* XCRemoteSwiftPackageReference "firebase-ios-sdk" */;
			productName = FirebaseInstallations;
		};
		6E83CC192926A3300043DC9C /* FirebaseMLModelDownloader */ = {
			isa = XCSwiftPackageProductDependency;
			package = 6E83CBF02926A32E0043DC9C /* XCRemoteSwiftPackageReference "firebase-ios-sdk" */;
			productName = FirebaseMLModelDownloader;
		};
		6E83CC1B2926A3310043DC9C /* FirebaseMessaging */ = {
			isa = XCSwiftPackageProductDependency;
			package = 6E83CBF02926A32E0043DC9C /* XCRemoteSwiftPackageReference "firebase-ios-sdk" */;
			productName = FirebaseMessaging;
		};
		6E83CC1D2926A3310043DC9C /* FirebasePerformance */ = {
			isa = XCSwiftPackageProductDependency;
			package = 6E83CBF02926A32E0043DC9C /* XCRemoteSwiftPackageReference "firebase-ios-sdk" */;
			productName = FirebasePerformance;
		};
		6E83CC1F2926A3310043DC9C /* FirebaseRemoteConfig */ = {
			isa = XCSwiftPackageProductDependency;
			package = 6E83CBF02926A32E0043DC9C /* XCRemoteSwiftPackageReference "firebase-ios-sdk" */;
			productName = FirebaseRemoteConfig;
		};
		6E83CC212926A3310043DC9C /* FirebaseRemoteConfigSwift */ = {
			isa = XCSwiftPackageProductDependency;
			package = 6E83CBF02926A32E0043DC9C /* XCRemoteSwiftPackageReference "firebase-ios-sdk" */;
			productName = FirebaseRemoteConfigSwift;
		};
		6E83CC232926A3320043DC9C /* FirebaseStorage */ = {
			isa = XCSwiftPackageProductDependency;
			package = 6E83CBF02926A32E0043DC9C /* XCRemoteSwiftPackageReference "firebase-ios-sdk" */;
			productName = FirebaseStorage;
		};
		6E83CC252926A3320043DC9C /* FirebaseStorageCombine-Community */ = {
			isa = XCSwiftPackageProductDependency;
			package = 6E83CBF02926A32E0043DC9C /* XCRemoteSwiftPackageReference "firebase-ios-sdk" */;
			productName = "FirebaseStorageCombine-Community";
		};
/* End XCSwiftPackageProductDependency section */
	};
	rootObject = 6E83CB952925F9EB0043DC9C /* Project object */;
}
