// !$*UTF8*$!
{
	archiveVersion = 1;
	classes = {
	};
	objectVersion = 56;
	objects = {

/* Begin PBXBuildFile section */
		6E83CBA12925F9EB0043DC9C /* AppDelegate.swift in Sources */ = {isa = PBXBuildFile; fileRef = 6E83CBA02925F9EB0043DC9C /* AppDelegate.swift */; };
		6E83CBA32925F9EB0043DC9C /* SceneDelegate.swift in Sources */ = {isa = PBXBuildFile; fileRef = 6E83CBA22925F9EB0043DC9C /* SceneDelegate.swift */; };
		6E83CBAA2925F9ED0043DC9C /* Assets.xcassets in Resources */ = {isa = PBXBuildFile; fileRef = 6E83CBA92925F9ED0043DC9C /* Assets.xcassets */; };
		6E83CBAD2925F9ED0043DC9C /* LaunchScreen.storyboard in Resources */ = {isa = PBXBuildFile; fileRef = 6E83CBAB2925F9ED0043DC9C /* LaunchScreen.storyboard */; };
		6E83CBB82925F9ED0043DC9C /* Favorite_FoodsTests.swift in Sources */ = {isa = PBXBuildFile; fileRef = 6E83CBB72925F9ED0043DC9C /* Favorite_FoodsTests.swift */; };
		6E83CBC22925F9ED0043DC9C /* Favorite_FoodsUITests.swift in Sources */ = {isa = PBXBuildFile; fileRef = 6E83CBC12925F9ED0043DC9C /* Favorite_FoodsUITests.swift */; };
		6E83CBC42925F9ED0043DC9C /* Favorite_FoodsUITestsLaunchTests.swift in Sources */ = {isa = PBXBuildFile; fileRef = 6E83CBC32925F9ED0043DC9C /* Favorite_FoodsUITestsLaunchTests.swift */; };
		6E83CBD12925FAA50043DC9C /* Main.storyboard in Resources */ = {isa = PBXBuildFile; fileRef = 6E83CBD02925FAA40043DC9C /* Main.storyboard */; };
		6E83CBD22925FAA50043DC9C /* Main.storyboard in Resources */ = {isa = PBXBuildFile; fileRef = 6E83CBD02925FAA40043DC9C /* Main.storyboard */; };
		6E83CBD32925FAA50043DC9C /* Main.storyboard in Resources */ = {isa = PBXBuildFile; fileRef = 6E83CBD02925FAA40043DC9C /* Main.storyboard */; };
		6E83CBD52925FBF50043DC9C /* WelcomeViewController.swift in Sources */ = {isa = PBXBuildFile; fileRef = 6E83CBD42925FBF50043DC9C /* WelcomeViewController.swift */; };
		6E83CBD62925FBF50043DC9C /* WelcomeViewController.swift in Sources */ = {isa = PBXBuildFile; fileRef = 6E83CBD42925FBF50043DC9C /* WelcomeViewController.swift */; };
		6E83CBD72925FBF50043DC9C /* WelcomeViewController.swift in Sources */ = {isa = PBXBuildFile; fileRef = 6E83CBD42925FBF50043DC9C /* WelcomeViewController.swift */; };
		6E83CBD92925FC010043DC9C /* TableViewDetail.swift in Sources */ = {isa = PBXBuildFile; fileRef = 6E83CBD82925FC010043DC9C /* TableViewDetail.swift */; };
		6E83CBDA2925FC010043DC9C /* TableViewDetail.swift in Sources */ = {isa = PBXBuildFile; fileRef = 6E83CBD82925FC010043DC9C /* TableViewDetail.swift */; };
		6E83CBDB2925FC010043DC9C /* TableViewDetail.swift in Sources */ = {isa = PBXBuildFile; fileRef = 6E83CBD82925FC010043DC9C /* TableViewDetail.swift */; };
		6E83CBDD2925FC0A0043DC9C /* RegisterViewController.swift in Sources */ = {isa = PBXBuildFile; fileRef = 6E83CBDC2925FC0A0043DC9C /* RegisterViewController.swift */; };
		6E83CBDE2925FC0A0043DC9C /* RegisterViewController.swift in Sources */ = {isa = PBXBuildFile; fileRef = 6E83CBDC2925FC0A0043DC9C /* RegisterViewController.swift */; };
		6E83CBDF2925FC0A0043DC9C /* RegisterViewController.swift in Sources */ = {isa = PBXBuildFile; fileRef = 6E83CBDC2925FC0A0043DC9C /* RegisterViewController.swift */; };
		6E83CBE12925FC110043DC9C /* LoginViewController.swift in Sources */ = {isa = PBXBuildFile; fileRef = 6E83CBE02925FC110043DC9C /* LoginViewController.swift */; };
		6E83CBE22925FC110043DC9C /* LoginViewController.swift in Sources */ = {isa = PBXBuildFile; fileRef = 6E83CBE02925FC110043DC9C /* LoginViewController.swift */; };
		6E83CBE32925FC110043DC9C /* LoginViewController.swift in Sources */ = {isa = PBXBuildFile; fileRef = 6E83CBE02925FC110043DC9C /* LoginViewController.swift */; };
/* End PBXBuildFile section */

/* Begin PBXContainerItemProxy section */
		6E83CBB42925F9ED0043DC9C /* PBXContainerItemProxy */ = {
			isa = PBXContainerItemProxy;
			containerPortal = 6E83CB952925F9EB0043DC9C /* Project object */;
			proxyType = 1;
			remoteGlobalIDString = 6E83CB9C2925F9EB0043DC9C;
			remoteInfo = "Favorite Foods";
		};
		6E83CBBE2925F9ED0043DC9C /* PBXContainerItemProxy */ = {
			isa = PBXContainerItemProxy;
			containerPortal = 6E83CB952925F9EB0043DC9C /* Project object */;
			proxyType = 1;
			remoteGlobalIDString = 6E83CB9C2925F9EB0043DC9C;
			remoteInfo = "Favorite Foods";
		};
/* End PBXContainerItemProxy section */

/* Begin PBXFileReference section */
		6E83CB9D2925F9EB0043DC9C /* Favorite Foods.app */ = {isa = PBXFileReference; explicitFileType = wrapper.application; includeInIndex = 0; path = "Favorite Foods.app"; sourceTree = BUILT_PRODUCTS_DIR; };
		6E83CBA02925F9EB0043DC9C /* AppDelegate.swift */ = {isa = PBXFileReference; lastKnownFileType = sourcecode.swift; path = AppDelegate.swift; sourceTree = "<group>"; };
		6E83CBA22925F9EB0043DC9C /* SceneDelegate.swift */ = {isa = PBXFileReference; lastKnownFileType = sourcecode.swift; path = SceneDelegate.swift; sourceTree = "<group>"; };
		6E83CBA92925F9ED0043DC9C /* Assets.xcassets */ = {isa = PBXFileReference; lastKnownFileType = folder.assetcatalog; path = Assets.xcassets; sourceTree = "<group>"; };
		6E83CBAC2925F9ED0043DC9C /* Base */ = {isa = PBXFileReference; lastKnownFileType = file.storyboard; name = Base; path = Base.lproj/LaunchScreen.storyboard; sourceTree = "<group>"; };
		6E83CBAE2925F9ED0043DC9C /* Info.plist */ = {isa = PBXFileReference; lastKnownFileType = text.plist.xml; path = Info.plist; sourceTree = "<group>"; };
		6E83CBB32925F9ED0043DC9C /* Favorite FoodsTests.xctest */ = {isa = PBXFileReference; explicitFileType = wrapper.cfbundle; includeInIndex = 0; path = "Favorite FoodsTests.xctest"; sourceTree = BUILT_PRODUCTS_DIR; };
		6E83CBB72925F9ED0043DC9C /* Favorite_FoodsTests.swift */ = {isa = PBXFileReference; lastKnownFileType = sourcecode.swift; path = Favorite_FoodsTests.swift; sourceTree = "<group>"; };
		6E83CBBD2925F9ED0043DC9C /* Favorite FoodsUITests.xctest */ = {isa = PBXFileReference; explicitFileType = wrapper.cfbundle; includeInIndex = 0; path = "Favorite FoodsUITests.xctest"; sourceTree = BUILT_PRODUCTS_DIR; };
		6E83CBC12925F9ED0043DC9C /* Favorite_FoodsUITests.swift */ = {isa = PBXFileReference; lastKnownFileType = sourcecode.swift; path = Favorite_FoodsUITests.swift; sourceTree = "<group>"; };
		6E83CBC32925F9ED0043DC9C /* Favorite_FoodsUITestsLaunchTests.swift */ = {isa = PBXFileReference; lastKnownFileType = sourcecode.swift; path = Favorite_FoodsUITestsLaunchTests.swift; sourceTree = "<group>"; };
		6E83CBD02925FAA40043DC9C /* Main.storyboard */ = {isa = PBXFileReference; fileEncoding = 4; lastKnownFileType = file.storyboard; path = Main.storyboard; sourceTree = "<group>"; };
		6E83CBD42925FBF50043DC9C /* WelcomeViewController.swift */ = {isa = PBXFileReference; fileEncoding = 4; lastKnownFileType = sourcecode.swift; path = WelcomeViewController.swift; sourceTree = "<group>"; };
		6E83CBD82925FC010043DC9C /* TableViewDetail.swift */ = {isa = PBXFileReference; fileEncoding = 4; lastKnownFileType = sourcecode.swift; path = TableViewDetail.swift; sourceTree = "<group>"; };
		6E83CBDC2925FC0A0043DC9C /* RegisterViewController.swift */ = {isa = PBXFileReference; fileEncoding = 4; lastKnownFileType = sourcecode.swift; path = RegisterViewController.swift; sourceTree = "<group>"; };
		6E83CBE02925FC110043DC9C /* LoginViewController.swift */ = {isa = PBXFileReference; fileEncoding = 4; lastKnownFileType = sourcecode.swift; path = LoginViewController.swift; sourceTree = "<group>"; };
/* End PBXFileReference section */

/* Begin PBXFrameworksBuildPhase section */
		6E83CB9A2925F9EB0043DC9C /* Frameworks */ = {
			isa = PBXFrameworksBuildPhase;
			buildActionMask = 2147483647;
			files = (
			);
			runOnlyForDeploymentPostprocessing = 0;
		};
		6E83CBB02925F9ED0043DC9C /* Frameworks */ = {
			isa = PBXFrameworksBuildPhase;
			buildActionMask = 2147483647;
			files = (
			);
			runOnlyForDeploymentPostprocessing = 0;
		};
		6E83CBBA2925F9ED0043DC9C /* Frameworks */ = {
			isa = PBXFrameworksBuildPhase;
			buildActionMask = 2147483647;
			files = (
			);
			runOnlyForDeploymentPostprocessing = 0;
		};
/* End PBXFrameworksBuildPhase section */

/* Begin PBXGroup section */
		6E83CB942925F9EB0043DC9C = {
			isa = PBXGroup;
			children = (
				6E83CB9F2925F9EB0043DC9C /* Favorite Foods */,
				6E83CBB62925F9ED0043DC9C /* Favorite FoodsTests */,
				6E83CBC02925F9ED0043DC9C /* Favorite FoodsUITests */,
				6E83CB9E2925F9EB0043DC9C /* Products */,
			);
			sourceTree = "<group>";
		};
		6E83CB9E2925F9EB0043DC9C /* Products */ = {
			isa = PBXGroup;
			children = (
				6E83CB9D2925F9EB0043DC9C /* Favorite Foods.app */,
				6E83CBB32925F9ED0043DC9C /* Favorite FoodsTests.xctest */,
				6E83CBBD2925F9ED0043DC9C /* Favorite FoodsUITests.xctest */,
			);
			name = Products;
			sourceTree = "<group>";
		};
		6E83CB9F2925F9EB0043DC9C /* Favorite Foods */ = {
			isa = PBXGroup;
			children = (
				6E83CBA02925F9EB0043DC9C /* AppDelegate.swift */,
				6E83CBA22925F9EB0043DC9C /* SceneDelegate.swift */,
				6E83CBA92925F9ED0043DC9C /* Assets.xcassets */,
				6E83CBD42925FBF50043DC9C /* WelcomeViewController.swift */,
				6E83CBD82925FC010043DC9C /* TableViewDetail.swift */,
				6E83CBDC2925FC0A0043DC9C /* RegisterViewController.swift */,
				6E83CBE02925FC110043DC9C /* LoginViewController.swift */,
				6E83CBD02925FAA40043DC9C /* Main.storyboard */,
				6E83CBAB2925F9ED0043DC9C /* LaunchScreen.storyboard */,
				6E83CBAE2925F9ED0043DC9C /* Info.plist */,
			);
			path = "Favorite Foods";
			sourceTree = "<group>";
		};
		6E83CBB62925F9ED0043DC9C /* Favorite FoodsTests */ = {
			isa = PBXGroup;
			children = (
				6E83CBB72925F9ED0043DC9C /* Favorite_FoodsTests.swift */,
			);
			path = "Favorite FoodsTests";
			sourceTree = "<group>";
		};
		6E83CBC02925F9ED0043DC9C /* Favorite FoodsUITests */ = {
			isa = PBXGroup;
			children = (
				6E83CBC12925F9ED0043DC9C /* Favorite_FoodsUITests.swift */,
				6E83CBC32925F9ED0043DC9C /* Favorite_FoodsUITestsLaunchTests.swift */,
			);
			path = "Favorite FoodsUITests";
			sourceTree = "<group>";
		};
/* End PBXGroup section */

/* Begin PBXNativeTarget section */
		6E83CB9C2925F9EB0043DC9C /* Favorite Foods */ = {
			isa = PBXNativeTarget;
			buildConfigurationList = 6E83CBC72925F9ED0043DC9C /* Build configuration list for PBXNativeTarget "Favorite Foods" */;
			buildPhases = (
				6E83CB992925F9EB0043DC9C /* Sources */,
				6E83CB9A2925F9EB0043DC9C /* Frameworks */,
				6E83CB9B2925F9EB0043DC9C /* Resources */,
			);
			buildRules = (
			);
			dependencies = (
			);
			name = "Favorite Foods";
			productName = "Favorite Foods";
			productReference = 6E83CB9D2925F9EB0043DC9C /* Favorite Foods.app */;
			productType = "com.apple.product-type.application";
		};
		6E83CBB22925F9ED0043DC9C /* Favorite FoodsTests */ = {
			isa = PBXNativeTarget;
			buildConfigurationList = 6E83CBCA2925F9ED0043DC9C /* Build configuration list for PBXNativeTarget "Favorite FoodsTests" */;
			buildPhases = (
				6E83CBAF2925F9ED0043DC9C /* Sources */,
				6E83CBB02925F9ED0043DC9C /* Frameworks */,
				6E83CBB12925F9ED0043DC9C /* Resources */,
			);
			buildRules = (
			);
			dependencies = (
				6E83CBB52925F9ED0043DC9C /* PBXTargetDependency */,
			);
			name = "Favorite FoodsTests";
			productName = "Favorite FoodsTests";
			productReference = 6E83CBB32925F9ED0043DC9C /* Favorite FoodsTests.xctest */;
			productType = "com.apple.product-type.bundle.unit-test";
		};
		6E83CBBC2925F9ED0043DC9C /* Favorite FoodsUITests */ = {
			isa = PBXNativeTarget;
			buildConfigurationList = 6E83CBCD2925F9ED0043DC9C /* Build configuration list for PBXNativeTarget "Favorite FoodsUITests" */;
			buildPhases = (
				6E83CBB92925F9ED0043DC9C /* Sources */,
				6E83CBBA2925F9ED0043DC9C /* Frameworks */,
				6E83CBBB2925F9ED0043DC9C /* Resources */,
			);
			buildRules = (
			);
			dependencies = (
				6E83CBBF2925F9ED0043DC9C /* PBXTargetDependency */,
			);
			name = "Favorite FoodsUITests";
			productName = "Favorite FoodsUITests";
			productReference = 6E83CBBD2925F9ED0043DC9C /* Favorite FoodsUITests.xctest */;
			productType = "com.apple.product-type.bundle.ui-testing";
		};
/* End PBXNativeTarget section */

/* Begin PBXProject section */
		6E83CB952925F9EB0043DC9C /* Project object */ = {
			isa = PBXProject;
			attributes = {
				BuildIndependentTargetsInParallel = 1;
				LastSwiftUpdateCheck = 1400;
				LastUpgradeCheck = 1400;
				TargetAttributes = {
					6E83CB9C2925F9EB0043DC9C = {
						CreatedOnToolsVersion = 14.0;
					};
					6E83CBB22925F9ED0043DC9C = {
						CreatedOnToolsVersion = 14.0;
						TestTargetID = 6E83CB9C2925F9EB0043DC9C;
					};
					6E83CBBC2925F9ED0043DC9C = {
						CreatedOnToolsVersion = 14.0;
						TestTargetID = 6E83CB9C2925F9EB0043DC9C;
					};
				};
			};
			buildConfigurationList = 6E83CB982925F9EB0043DC9C /* Build configuration list for PBXProject "Favorite Foods" */;
			compatibilityVersion = "Xcode 14.0";
			developmentRegion = en;
			hasScannedForEncodings = 0;
			knownRegions = (
				en,
				Base,
			);
			mainGroup = 6E83CB942925F9EB0043DC9C;
			productRefGroup = 6E83CB9E2925F9EB0043DC9C /* Products */;
			projectDirPath = "";
			projectRoot = "";
			targets = (
				6E83CB9C2925F9EB0043DC9C /* Favorite Foods */,
				6E83CBB22925F9ED0043DC9C /* Favorite FoodsTests */,
				6E83CBBC2925F9ED0043DC9C /* Favorite FoodsUITests */,
			);
		};
/* End PBXProject section */

/* Begin PBXResourcesBuildPhase section */
		6E83CB9B2925F9EB0043DC9C /* Resources */ = {
			isa = PBXResourcesBuildPhase;
			buildActionMask = 2147483647;
			files = (
				6E83CBD12925FAA50043DC9C /* Main.storyboard in Resources */,
				6E83CBAD2925F9ED0043DC9C /* LaunchScreen.storyboard in Resources */,
				6E83CBAA2925F9ED0043DC9C /* Assets.xcassets in Resources */,
			);
			runOnlyForDeploymentPostprocessing = 0;
		};
		6E83CBB12925F9ED0043DC9C /* Resources */ = {
			isa = PBXResourcesBuildPhase;
			buildActionMask = 2147483647;
			files = (
				6E83CBD22925FAA50043DC9C /* Main.storyboard in Resources */,
			);
			runOnlyForDeploymentPostprocessing = 0;
		};
		6E83CBBB2925F9ED0043DC9C /* Resources */ = {
			isa = PBXResourcesBuildPhase;
			buildActionMask = 2147483647;
			files = (
				6E83CBD32925FAA50043DC9C /* Main.storyboard in Resources */,
			);
			runOnlyForDeploymentPostprocessing = 0;
		};
/* End PBXResourcesBuildPhase section */

/* Begin PBXSourcesBuildPhase section */
		6E83CB992925F9EB0043DC9C /* Sources */ = {
			isa = PBXSourcesBuildPhase;
			buildActionMask = 2147483647;
			files = (
				6E83CBE12925FC110043DC9C /* LoginViewController.swift in Sources */,
				6E83CBD52925FBF50043DC9C /* WelcomeViewController.swift in Sources */,
				6E83CBA12925F9EB0043DC9C /* AppDelegate.swift in Sources */,
				6E83CBDD2925FC0A0043DC9C /* RegisterViewController.swift in Sources */,
				6E83CBA32925F9EB0043DC9C /* SceneDelegate.swift in Sources */,
				6E83CBD92925FC010043DC9C /* TableViewDetail.swift in Sources */,
			);
			runOnlyForDeploymentPostprocessing = 0;
		};
		6E83CBAF2925F9ED0043DC9C /* Sources */ = {
			isa = PBXSourcesBuildPhase;
			buildActionMask = 2147483647;
			files = (
				6E83CBB82925F9ED0043DC9C /* Favorite_FoodsTests.swift in Sources */,
				6E83CBDA2925FC010043DC9C /* TableViewDetail.swift in Sources */,
				6E83CBD62925FBF50043DC9C /* WelcomeViewController.swift in Sources */,
				6E83CBE22925FC110043DC9C /* LoginViewController.swift in Sources */,
				6E83CBDE2925FC0A0043DC9C /* RegisterViewController.swift in Sources */,
			);
			runOnlyForDeploymentPostprocessing = 0;
		};
		6E83CBB92925F9ED0043DC9C /* Sources */ = {
			isa = PBXSourcesBuildPhase;
			buildActionMask = 2147483647;
			files = (
				6E83CBE32925FC110043DC9C /* LoginViewController.swift in Sources */,
				6E83CBD72925FBF50043DC9C /* WelcomeViewController.swift in Sources */,
				6E83CBDF2925FC0A0043DC9C /* RegisterViewController.swift in Sources */,
				6E83CBC42925F9ED0043DC9C /* Favorite_FoodsUITestsLaunchTests.swift in Sources */,
				6E83CBDB2925FC010043DC9C /* TableViewDetail.swift in Sources */,
				6E83CBC22925F9ED0043DC9C /* Favorite_FoodsUITests.swift in Sources */,
			);
			runOnlyForDeploymentPostprocessing = 0;
		};
/* End PBXSourcesBuildPhase section */

/* Begin PBXTargetDependency section */
		6E83CBB52925F9ED0043DC9C /* PBXTargetDependency */ = {
			isa = PBXTargetDependency;
			target = 6E83CB9C2925F9EB0043DC9C /* Favorite Foods */;
			targetProxy = 6E83CBB42925F9ED0043DC9C /* PBXContainerItemProxy */;
		};
		6E83CBBF2925F9ED0043DC9C /* PBXTargetDependency */ = {
			isa = PBXTargetDependency;
			target = 6E83CB9C2925F9EB0043DC9C /* Favorite Foods */;
			targetProxy = 6E83CBBE2925F9ED0043DC9C /* PBXContainerItemProxy */;
		};
/* End PBXTargetDependency section */

/* Begin PBXVariantGroup section */
		6E83CBAB2925F9ED0043DC9C /* LaunchScreen.storyboard */ = {
			isa = PBXVariantGroup;
			children = (
				6E83CBAC2925F9ED0043DC9C /* Base */,
			);
			name = LaunchScreen.storyboard;
			sourceTree = "<group>";
		};
/* End PBXVariantGroup section */

/* Begin XCBuildConfiguration section */
		6E83CBC52925F9ED0043DC9C /* Debug */ = {
			isa = XCBuildConfiguration;
			buildSettings = {
				ALWAYS_SEARCH_USER_PATHS = NO;
				CLANG_ANALYZER_NONNULL = YES;
				CLANG_ANALYZER_NUMBER_OBJECT_CONVERSION = YES_AGGRESSIVE;
				CLANG_CXX_LANGUAGE_STANDARD = "gnu++20";
				CLANG_ENABLE_MODULES = YES;
				CLANG_ENABLE_OBJC_ARC = YES;
				CLANG_ENABLE_OBJC_WEAK = YES;
				CLANG_WARN_BLOCK_CAPTURE_AUTORELEASING = YES;
				CLANG_WARN_BOOL_CONVERSION = YES;
				CLANG_WARN_COMMA = YES;
				CLANG_WARN_CONSTANT_CONVERSION = YES;
				CLANG_WARN_DEPRECATED_OBJC_IMPLEMENTATIONS = YES;
				CLANG_WARN_DIRECT_OBJC_ISA_USAGE = YES_ERROR;
				CLANG_WARN_DOCUMENTATION_COMMENTS = YES;
				CLANG_WARN_EMPTY_BODY = YES;
				CLANG_WARN_ENUM_CONVERSION = YES;
				CLANG_WARN_INFINITE_RECURSION = YES;
				CLANG_WARN_INT_CONVERSION = YES;
				CLANG_WARN_NON_LITERAL_NULL_CONVERSION = YES;
				CLANG_WARN_OBJC_IMPLICIT_RETAIN_SELF = YES;
				CLANG_WARN_OBJC_LITERAL_CONVERSION = YES;
				CLANG_WARN_OBJC_ROOT_CLASS = YES_ERROR;
				CLANG_WARN_QUOTED_INCLUDE_IN_FRAMEWORK_HEADER = YES;
				CLANG_WARN_RANGE_LOOP_ANALYSIS = YES;
				CLANG_WARN_STRICT_PROTOTYPES = YES;
				CLANG_WARN_SUSPICIOUS_MOVE = YES;
				CLANG_WARN_UNGUARDED_AVAILABILITY = YES_AGGRESSIVE;
				CLANG_WARN_UNREACHABLE_CODE = YES;
				CLANG_WARN__DUPLICATE_METHOD_MATCH = YES;
				COPY_PHASE_STRIP = NO;
				DEBUG_INFORMATION_FORMAT = dwarf;
				ENABLE_STRICT_OBJC_MSGSEND = YES;
				ENABLE_TESTABILITY = YES;
				GCC_C_LANGUAGE_STANDARD = gnu11;
				GCC_DYNAMIC_NO_PIC = NO;
				GCC_NO_COMMON_BLOCKS = YES;
				GCC_OPTIMIZATION_LEVEL = 0;
				GCC_PREPROCESSOR_DEFINITIONS = (
					"DEBUG=1",
					"$(inherited)",
				);
				GCC_WARN_64_TO_32_BIT_CONVERSION = YES;
				GCC_WARN_ABOUT_RETURN_TYPE = YES_ERROR;
				GCC_WARN_UNDECLARED_SELECTOR = YES;
				GCC_WARN_UNINITIALIZED_AUTOS = YES_AGGRESSIVE;
				GCC_WARN_UNUSED_FUNCTION = YES;
				GCC_WARN_UNUSED_VARIABLE = YES;
				IPHONEOS_DEPLOYMENT_TARGET = 16.0;
				MTL_ENABLE_DEBUG_INFO = INCLUDE_SOURCE;
				MTL_FAST_MATH = YES;
				ONLY_ACTIVE_ARCH = YES;
				SDKROOT = iphoneos;
				SWIFT_ACTIVE_COMPILATION_CONDITIONS = DEBUG;
				SWIFT_OPTIMIZATION_LEVEL = "-Onone";
			};
			name = Debug;
		};
		6E83CBC62925F9ED0043DC9C /* Release */ = {
			isa = XCBuildConfiguration;
			buildSettings = {
				ALWAYS_SEARCH_USER_PATHS = NO;
				CLANG_ANALYZER_NONNULL = YES;
				CLANG_ANALYZER_NUMBER_OBJECT_CONVERSION = YES_AGGRESSIVE;
				CLANG_CXX_LANGUAGE_STANDARD = "gnu++20";
				CLANG_ENABLE_MODULES = YES;
				CLANG_ENABLE_OBJC_ARC = YES;
				CLANG_ENABLE_OBJC_WEAK = YES;
				CLANG_WARN_BLOCK_CAPTURE_AUTORELEASING = YES;
				CLANG_WARN_BOOL_CONVERSION = YES;
				CLANG_WARN_COMMA = YES;
				CLANG_WARN_CONSTANT_CONVERSION = YES;
				CLANG_WARN_DEPRECATED_OBJC_IMPLEMENTATIONS = YES;
				CLANG_WARN_DIRECT_OBJC_ISA_USAGE = YES_ERROR;
				CLANG_WARN_DOCUMENTATION_COMMENTS = YES;
				CLANG_WARN_EMPTY_BODY = YES;
				CLANG_WARN_ENUM_CONVERSION = YES;
				CLANG_WARN_INFINITE_RECURSION = YES;
				CLANG_WARN_INT_CONVERSION = YES;
				CLANG_WARN_NON_LITERAL_NULL_CONVERSION = YES;
				CLANG_WARN_OBJC_IMPLICIT_RETAIN_SELF = YES;
				CLANG_WARN_OBJC_LITERAL_CONVERSION = YES;
				CLANG_WARN_OBJC_ROOT_CLASS = YES_ERROR;
				CLANG_WARN_QUOTED_INCLUDE_IN_FRAMEWORK_HEADER = YES;
				CLANG_WARN_RANGE_LOOP_ANALYSIS = YES;
				CLANG_WARN_STRICT_PROTOTYPES = YES;
				CLANG_WARN_SUSPICIOUS_MOVE = YES;
				CLANG_WARN_UNGUARDED_AVAILABILITY = YES_AGGRESSIVE;
				CLANG_WARN_UNREACHABLE_CODE = YES;
				CLANG_WARN__DUPLICATE_METHOD_MATCH = YES;
				COPY_PHASE_STRIP = NO;
				DEBUG_INFORMATION_FORMAT = "dwarf-with-dsym";
				ENABLE_NS_ASSERTIONS = NO;
				ENABLE_STRICT_OBJC_MSGSEND = YES;
				GCC_C_LANGUAGE_STANDARD = gnu11;
				GCC_NO_COMMON_BLOCKS = YES;
				GCC_WARN_64_TO_32_BIT_CONVERSION = YES;
				GCC_WARN_ABOUT_RETURN_TYPE = YES_ERROR;
				GCC_WARN_UNDECLARED_SELECTOR = YES;
				GCC_WARN_UNINITIALIZED_AUTOS = YES_AGGRESSIVE;
				GCC_WARN_UNUSED_FUNCTION = YES;
				GCC_WARN_UNUSED_VARIABLE = YES;
				IPHONEOS_DEPLOYMENT_TARGET = 16.0;
				MTL_ENABLE_DEBUG_INFO = NO;
				MTL_FAST_MATH = YES;
				SDKROOT = iphoneos;
				SWIFT_COMPILATION_MODE = wholemodule;
				SWIFT_OPTIMIZATION_LEVEL = "-O";
				VALIDATE_PRODUCT = YES;
			};
			name = Release;
		};
		6E83CBC82925F9ED0043DC9C /* Debug */ = {
			isa = XCBuildConfiguration;
			buildSettings = {
				ASSETCATALOG_COMPILER_APPICON_NAME = AppIcon;
				ASSETCATALOG_COMPILER_GLOBAL_ACCENT_COLOR_NAME = AccentColor;
				CODE_SIGN_STYLE = Automatic;
				CURRENT_PROJECT_VERSION = 1;
				DEVELOPMENT_TEAM = MR82H66GP9;
				GENERATE_INFOPLIST_FILE = YES;
				INFOPLIST_FILE = "Favorite Foods/Info.plist";
				INFOPLIST_KEY_UIApplicationSupportsIndirectInputEvents = YES;
				INFOPLIST_KEY_UILaunchStoryboardName = LaunchScreen;
				INFOPLIST_KEY_UIMainStoryboardFile = Main;
				INFOPLIST_KEY_UISupportedInterfaceOrientations_iPad = "UIInterfaceOrientationPortrait UIInterfaceOrientationPortraitUpsideDown UIInterfaceOrientationLandscapeLeft UIInterfaceOrientationLandscapeRight";
				INFOPLIST_KEY_UISupportedInterfaceOrientations_iPhone = "UIInterfaceOrientationPortrait UIInterfaceOrientationLandscapeLeft UIInterfaceOrientationLandscapeRight";
				LD_RUNPATH_SEARCH_PATHS = (
					"$(inherited)",
					"@executable_path/Frameworks",
				);
				MARKETING_VERSION = 1.0;
				PRODUCT_BUNDLE_IDENTIFIER = "com.JDHess.Favorite-Foods";
				PRODUCT_NAME = "$(TARGET_NAME)";
				SWIFT_EMIT_LOC_STRINGS = YES;
				SWIFT_VERSION = 5.0;
				TARGETED_DEVICE_FAMILY = "1,2";
			};
			name = Debug;
		};
		6E83CBC92925F9ED0043DC9C /* Release */ = {
			isa = XCBuildConfiguration;
			buildSettings = {
				ASSETCATALOG_COMPILER_APPICON_NAME = AppIcon;
				ASSETCATALOG_COMPILER_GLOBAL_ACCENT_COLOR_NAME = AccentColor;
				CODE_SIGN_STYLE = Automatic;
				CURRENT_PROJECT_VERSION = 1;
				DEVELOPMENT_TEAM = MR82H66GP9;
				GENERATE_INFOPLIST_FILE = YES;
				INFOPLIST_FILE = "Favorite Foods/Info.plist";
				INFOPLIST_KEY_UIApplicationSupportsIndirectInputEvents = YES;
				INFOPLIST_KEY_UILaunchStoryboardName = LaunchScreen;
				INFOPLIST_KEY_UIMainStoryboardFile = Main;
				INFOPLIST_KEY_UISupportedInterfaceOrientations_iPad = "UIInterfaceOrientationPortrait UIInterfaceOrientationPortraitUpsideDown UIInterfaceOrientationLandscapeLeft UIInterfaceOrientationLandscapeRight";
				INFOPLIST_KEY_UISupportedInterfaceOrientations_iPhone = "UIInterfaceOrientationPortrait UIInterfaceOrientationLandscapeLeft UIInterfaceOrientationLandscapeRight";
				LD_RUNPATH_SEARCH_PATHS = (
					"$(inherited)",
					"@executable_path/Frameworks",
				);
				MARKETING_VERSION = 1.0;
				PRODUCT_BUNDLE_IDENTIFIER = "com.JDHess.Favorite-Foods";
				PRODUCT_NAME = "$(TARGET_NAME)";
				SWIFT_EMIT_LOC_STRINGS = YES;
				SWIFT_VERSION = 5.0;
				TARGETED_DEVICE_FAMILY = "1,2";
			};
			name = Release;
		};
		6E83CBCB2925F9ED0043DC9C /* Debug */ = {
			isa = XCBuildConfiguration;
			buildSettings = {
				ALWAYS_EMBED_SWIFT_STANDARD_LIBRARIES = YES;
				BUNDLE_LOADER = "$(TEST_HOST)";
				CODE_SIGN_STYLE = Automatic;
				CURRENT_PROJECT_VERSION = 1;
				DEVELOPMENT_TEAM = MR82H66GP9;
				GENERATE_INFOPLIST_FILE = YES;
				IPHONEOS_DEPLOYMENT_TARGET = 16.0;
				MARKETING_VERSION = 1.0;
				PRODUCT_BUNDLE_IDENTIFIER = "com.JDHess.Favorite-FoodsTests";
				PRODUCT_NAME = "$(TARGET_NAME)";
				SWIFT_EMIT_LOC_STRINGS = NO;
				SWIFT_VERSION = 5.0;
				TARGETED_DEVICE_FAMILY = "1,2";
				TEST_HOST = "$(BUILT_PRODUCTS_DIR)/Favorite Foods.app/$(BUNDLE_EXECUTABLE_FOLDER_PATH)/Favorite Foods";
			};
			name = Debug;
		};
		6E83CBCC2925F9ED0043DC9C /* Release */ = {
			isa = XCBuildConfiguration;
			buildSettings = {
				ALWAYS_EMBED_SWIFT_STANDARD_LIBRARIES = YES;
				BUNDLE_LOADER = "$(TEST_HOST)";
				CODE_SIGN_STYLE = Automatic;
				CURRENT_PROJECT_VERSION = 1;
				DEVELOPMENT_TEAM = MR82H66GP9;
				GENERATE_INFOPLIST_FILE = YES;
				IPHONEOS_DEPLOYMENT_TARGET = 16.0;
				MARKETING_VERSION = 1.0;
				PRODUCT_BUNDLE_IDENTIFIER = "com.JDHess.Favorite-FoodsTests";
				PRODUCT_NAME = "$(TARGET_NAME)";
				SWIFT_EMIT_LOC_STRINGS = NO;
				SWIFT_VERSION = 5.0;
				TARGETED_DEVICE_FAMILY = "1,2";
				TEST_HOST = "$(BUILT_PRODUCTS_DIR)/Favorite Foods.app/$(BUNDLE_EXECUTABLE_FOLDER_PATH)/Favorite Foods";
			};
			name = Release;
		};
		6E83CBCE2925F9ED0043DC9C /* Debug */ = {
			isa = XCBuildConfiguration;
			buildSettings = {
				ALWAYS_EMBED_SWIFT_STANDARD_LIBRARIES = YES;
				CODE_SIGN_STYLE = Automatic;
				CURRENT_PROJECT_VERSION = 1;
				DEVELOPMENT_TEAM = MR82H66GP9;
				GENERATE_INFOPLIST_FILE = YES;
				MARKETING_VERSION = 1.0;
				PRODUCT_BUNDLE_IDENTIFIER = "com.JDHess.Favorite-FoodsUITests";
				PRODUCT_NAME = "$(TARGET_NAME)";
				SWIFT_EMIT_LOC_STRINGS = NO;
				SWIFT_VERSION = 5.0;
				TARGETED_DEVICE_FAMILY = "1,2";
				TEST_TARGET_NAME = "Favorite Foods";
			};
			name = Debug;
		};
		6E83CBCF2925F9ED0043DC9C /* Release */ = {
			isa = XCBuildConfiguration;
			buildSettings = {
				ALWAYS_EMBED_SWIFT_STANDARD_LIBRARIES = YES;
				CODE_SIGN_STYLE = Automatic;
				CURRENT_PROJECT_VERSION = 1;
				DEVELOPMENT_TEAM = MR82H66GP9;
				GENERATE_INFOPLIST_FILE = YES;
				MARKETING_VERSION = 1.0;
				PRODUCT_BUNDLE_IDENTIFIER = "com.JDHess.Favorite-FoodsUITests";
				PRODUCT_NAME = "$(TARGET_NAME)";
				SWIFT_EMIT_LOC_STRINGS = NO;
				SWIFT_VERSION = 5.0;
				TARGETED_DEVICE_FAMILY = "1,2";
				TEST_TARGET_NAME = "Favorite Foods";
			};
			name = Release;
		};
/* End XCBuildConfiguration section */

/* Begin XCConfigurationList section */
		6E83CB982925F9EB0043DC9C /* Build configuration list for PBXProject "Favorite Foods" */ = {
			isa = XCConfigurationList;
			buildConfigurations = (
				6E83CBC52925F9ED0043DC9C /* Debug */,
				6E83CBC62925F9ED0043DC9C /* Release */,
			);
			defaultConfigurationIsVisible = 0;
			defaultConfigurationName = Release;
		};
		6E83CBC72925F9ED0043DC9C /* Build configuration list for PBXNativeTarget "Favorite Foods" */ = {
			isa = XCConfigurationList;
			buildConfigurations = (
				6E83CBC82925F9ED0043DC9C /* Debug */,
				6E83CBC92925F9ED0043DC9C /* Release */,
			);
			defaultConfigurationIsVisible = 0;
			defaultConfigurationName = Release;
		};
		6E83CBCA2925F9ED0043DC9C /* Build configuration list for PBXNativeTarget "Favorite FoodsTests" */ = {
			isa = XCConfigurationList;
			buildConfigurations = (
				6E83CBCB2925F9ED0043DC9C /* Debug */,
				6E83CBCC2925F9ED0043DC9C /* Release */,
			);
			defaultConfigurationIsVisible = 0;
			defaultConfigurationName = Release;
		};
		6E83CBCD2925F9ED0043DC9C /* Build configuration list for PBXNativeTarget "Favorite FoodsUITests" */ = {
			isa = XCConfigurationList;
			buildConfigurations = (
				6E83CBCE2925F9ED0043DC9C /* Debug */,
				6E83CBCF2925F9ED0043DC9C /* Release */,
			);
			defaultConfigurationIsVisible = 0;
			defaultConfigurationName = Release;
		};
/* End XCConfigurationList section */
	};
	rootObject = 6E83CB952925F9EB0043DC9C /* Project object */;
}
